
Microsoft Visual Studio Solution File, Format Version 12.00
# Visual Studio Version 16
VisualStudioVersion = 16.0.31112.23
MinimumVisualStudioVersion = 10.0.40219.1
Project("{FAE04EC0-301F-11D3-BF4B-00C04F79EFBC}") = "HomePetsAPI", "HomePetsAPI\HomePetsAPI.csproj", "{75B7CC6F-93D9-41BB-A81B-0FE7B6E10A33}"
EndProject
Global
	GlobalSection(SolutionConfigurationPlatforms) = preSolution
		Debug|Any CPU = Debug|Any CPU
		Release|Any CPU = Release|Any CPU
	EndGlobalSection
	GlobalSection(ProjectConfigurationPlatforms) = postSolution
		{75B7CC6F-93D9-41BB-A81B-0FE7B6E10A33}.Debug|Any CPU.ActiveCfg = Debug|Any CPU
		{75B7CC6F-93D9-41BB-A81B-0FE7B6E10A33}.Debug|Any CPU.Build.0 = Debug|Any CPU
		{75B7CC6F-93D9-41BB-A81B-0FE7B6E10A33}.Release|Any CPU.ActiveCfg = Release|Any CPU
		{75B7CC6F-93D9-41BB-A81B-0FE7B6E10A33}.Release|Any CPU.Build.0 = Release|Any CPU
	EndGlobalSection
	GlobalSection(SolutionProperties) = preSolution
		HideSolutionNode = FALSE
	EndGlobalSection
	GlobalSection(ExtensibilityGlobals) = postSolution
		SolutionGuid = {0E78B881-C50B-467C-A66E-986BC079063D}
	EndGlobalSection
EndGlobal
